
Microsoft Visual Studio Solution File, Format Version 12.00
# Visual Studio Version 16
VisualStudioVersion = 16.0.29102.190
MinimumVisualStudioVersion = 10.0.40219.1
Project("{FAE04EC0-301F-11D3-BF4B-00C04F79EFBC}") = "ContadorDeNumerosPrimos", "ContadorDeNumerosPrimos.csproj", "{30E1E4C2-1B24-4E52-8CCE-B77FAC4057C3}"
EndProject
Global
	GlobalSection(SolutionConfigurationPlatforms) = preSolution
		Debug|Any CPU = Debug|Any CPU
		Release|Any CPU = Release|Any CPU
	EndGlobalSection
	GlobalSection(ProjectConfigurationPlatforms) = postSolution
		{30E1E4C2-1B24-4E52-8CCE-B77FAC4057C3}.Debug|Any CPU.ActiveCfg = Debug|Any CPU
		{30E1E4C2-1B24-4E52-8CCE-B77FAC4057C3}.Debug|Any CPU.Build.0 = Debug|Any CPU
		{30E1E4C2-1B24-4E52-8CCE-B77FAC4057C3}.Release|Any CPU.ActiveCfg = Release|Any CPU
		{30E1E4C2-1B24-4E52-8CCE-B77FAC4057C3}.Release|Any CPU.Build.0 = Release|Any CPU
	EndGlobalSection
	GlobalSection(SolutionProperties) = preSolution
		HideSolutionNode = FALSE
	EndGlobalSection
	GlobalSection(ExtensibilityGlobals) = postSolution
		SolutionGuid = {145A27C3-C357-4EE5-9A09-1B7A552A62C0}
	EndGlobalSection
EndGlobal
